
Microsoft Visual Studio Solution File, Format Version 12.00
# Visual Studio 15
VisualStudioVersion = 15.0.27130.2024
MinimumVisualStudioVersion = 10.0.40219.1
Project("{FAE04EC0-301F-11D3-BF4B-00C04F79EFBC}") = "WindowsFormsApp3", "WindowsFormsApp3\WindowsFormsApp3.csproj", "{3D54A1B7-18BC-4470-AACC-7B4F8630A811}"
EndProject
Global
	GlobalSection(SolutionConfigurationPlatforms) = preSolution
		Debug|Any CPU = Debug|Any CPU
		Release|Any CPU = Release|Any CPU
	EndGlobalSection
	GlobalSection(ProjectConfigurationPlatforms) = postSolution
		{3D54A1B7-18BC-4470-AACC-7B4F8630A811}.Debug|Any CPU.ActiveCfg = Debug|Any CPU
		{3D54A1B7-18BC-4470-AACC-7B4F8630A811}.Debug|Any CPU.Build.0 = Debug|Any CPU
		{3D54A1B7-18BC-4470-AACC-7B4F8630A811}.Release|Any CPU.ActiveCfg = Release|Any CPU
		{3D54A1B7-18BC-4470-AACC-7B4F8630A811}.Release|Any CPU.Build.0 = Release|Any CPU
	EndGlobalSection
	GlobalSection(SolutionProperties) = preSolution
		HideSolutionNode = FALSE
	EndGlobalSection
	GlobalSection(ExtensibilityGlobals) = postSolution
		SolutionGuid = {528D9E14-7449-4069-B049-E191A7F98500}
	EndGlobalSection
EndGlobal
